
Microsoft Visual Studio Solution File, Format Version 12.00
# Visual Studio 2013
VisualStudioVersion = 12.0.21005.1
MinimumVisualStudioVersion = 10.0.40219.1
Project("{FAE04EC0-301F-11D3-BF4B-00C04F79EFBC}") = "Raticon", "Raticon.csproj", "{DD5C4CD7-5710-4AF0-9FB3-C7D86EFB1169}"
EndProject
Project("{2150E333-8FDC-42A3-9474-1A3956D46DE8}") = "Solution Items", "Solution Items", "{D0E11310-6419-47BD-A04E-E1FDCFBFA69E}"
	ProjectSection(SolutionItems) = preProject
		Local.testsettings = Local.testsettings
		TraceAndTestImpact.testsettings = TraceAndTestImpact.testsettings
	EndProjectSection
EndProject
Project("{FAE04EC0-301F-11D3-BF4B-00C04F79EFBC}") = "RaticonTest", "..\RaticonTest\RaticonTest.csproj", "{B3FAF9ED-9341-419D-A6EE-E765D1D0CB1B}"
EndProject
Global
	GlobalSection(SolutionConfigurationPlatforms) = preSolution
		Debug|Any CPU = Debug|Any CPU
		Debug|x86 = Debug|x86
		Release|Any CPU = Release|Any CPU
		Release|x86 = Release|x86
	EndGlobalSection
	GlobalSection(ProjectConfigurationPlatforms) = postSolution
		{DD5C4CD7-5710-4AF0-9FB3-C7D86EFB1169}.Debug|Any CPU.ActiveCfg = Debug|Any CPU
		{DD5C4CD7-5710-4AF0-9FB3-C7D86EFB1169}.Debug|Any CPU.Build.0 = Debug|Any CPU
		{DD5C4CD7-5710-4AF0-9FB3-C7D86EFB1169}.Debug|x86.ActiveCfg = Debug|x86
		{DD5C4CD7-5710-4AF0-9FB3-C7D86EFB1169}.Debug|x86.Build.0 = Debug|x86
		{DD5C4CD7-5710-4AF0-9FB3-C7D86EFB1169}.Release|Any CPU.ActiveCfg = Release|Any CPU
		{DD5C4CD7-5710-4AF0-9FB3-C7D86EFB1169}.Release|Any CPU.Build.0 = Release|Any CPU
		{DD5C4CD7-5710-4AF0-9FB3-C7D86EFB1169}.Release|x86.ActiveCfg = Release|x86
		{DD5C4CD7-5710-4AF0-9FB3-C7D86EFB1169}.Release|x86.Build.0 = Release|x86
		{B3FAF9ED-9341-419D-A6EE-E765D1D0CB1B}.Debug|Any CPU.ActiveCfg = Debug|Any CPU
		{B3FAF9ED-9341-419D-A6EE-E765D1D0CB1B}.Debug|Any CPU.Build.0 = Debug|Any CPU
		{B3FAF9ED-9341-419D-A6EE-E765D1D0CB1B}.Debug|x86.ActiveCfg = Debug|x86
		{B3FAF9ED-9341-419D-A6EE-E765D1D0CB1B}.Debug|x86.Build.0 = Debug|x86
		{B3FAF9ED-9341-419D-A6EE-E765D1D0CB1B}.Release|Any CPU.ActiveCfg = Release|Any CPU
		{B3FAF9ED-9341-419D-A6EE-E765D1D0CB1B}.Release|Any CPU.Build.0 = Release|Any CPU
		{B3FAF9ED-9341-419D-A6EE-E765D1D0CB1B}.Release|x86.ActiveCfg = Release|x86
		{B3FAF9ED-9341-419D-A6EE-E765D1D0CB1B}.Release|x86.Build.0 = Release|x86
	EndGlobalSection
	GlobalSection(SolutionProperties) = preSolution
		HideSolutionNode = FALSE
	EndGlobalSection
	GlobalSection(TestCaseManagementSettings) = postSolution
		CategoryFile = Raticon1.vsmdi
	EndGlobalSection
EndGlobal
